
Microsoft Visual Studio Solution File, Format Version 12.00
# Visual Studio 15
VisualStudioVersion = 15.0.28307.168
MinimumVisualStudioVersion = 10.0.40219.1
Project("{FAE04EC0-301F-11D3-BF4B-00C04F79EFBC}") = "TrackMeWebAPI", "TrackMeWebAPI\TrackMeWebAPI.csproj", "{6960ABA5-2948-4F29-98AE-07DFF797D22B}"
EndProject
Global
	GlobalSection(SolutionConfigurationPlatforms) = preSolution
		Debug|Any CPU = Debug|Any CPU
		Release|Any CPU = Release|Any CPU
	EndGlobalSection
	GlobalSection(ProjectConfigurationPlatforms) = postSolution
		{6960ABA5-2948-4F29-98AE-07DFF797D22B}.Debug|Any CPU.ActiveCfg = Debug|Any CPU
		{6960ABA5-2948-4F29-98AE-07DFF797D22B}.Debug|Any CPU.Build.0 = Debug|Any CPU
		{6960ABA5-2948-4F29-98AE-07DFF797D22B}.Release|Any CPU.ActiveCfg = Release|Any CPU
		{6960ABA5-2948-4F29-98AE-07DFF797D22B}.Release|Any CPU.Build.0 = Release|Any CPU
	EndGlobalSection
	GlobalSection(SolutionProperties) = preSolution
		HideSolutionNode = FALSE
	EndGlobalSection
	GlobalSection(ExtensibilityGlobals) = postSolution
		SolutionGuid = {8A44C35B-CBB7-444C-AD3A-290EC09CAC54}
	EndGlobalSection
EndGlobal
