
Microsoft Visual Studio Solution File, Format Version 12.00
# Visual Studio Version 16
VisualStudioVersion = 16.0.30621.155
MinimumVisualStudioVersion = 10.0.40219.1
Project("{9A19103F-16F7-4668-BE54-9A1E7A4F7556}") = "TrackMe.WebApi", "TrackMe.WebApi\TrackMe.WebApi.csproj", "{2CEEC33D-35BB-4155-BE77-7A16CEC146ED}"
EndProject
Project("{FAE04EC0-301F-11D3-BF4B-00C04F79EFBC}") = "TrackMe.Domain", "TrackMe.Domain\TrackMe.Domain.csproj", "{572DA8E2-F147-493E-88F8-5FB0F04D2C29}"
EndProject
Global
	GlobalSection(SolutionConfigurationPlatforms) = preSolution
		Debug|Any CPU = Debug|Any CPU
		Release|Any CPU = Release|Any CPU
	EndGlobalSection
	GlobalSection(ProjectConfigurationPlatforms) = postSolution
		{2CEEC33D-35BB-4155-BE77-7A16CEC146ED}.Debug|Any CPU.ActiveCfg = Debug|Any CPU
		{2CEEC33D-35BB-4155-BE77-7A16CEC146ED}.Debug|Any CPU.Build.0 = Debug|Any CPU
		{2CEEC33D-35BB-4155-BE77-7A16CEC146ED}.Release|Any CPU.ActiveCfg = Release|Any CPU
		{2CEEC33D-35BB-4155-BE77-7A16CEC146ED}.Release|Any CPU.Build.0 = Release|Any CPU
		{572DA8E2-F147-493E-88F8-5FB0F04D2C29}.Debug|Any CPU.ActiveCfg = Debug|Any CPU
		{572DA8E2-F147-493E-88F8-5FB0F04D2C29}.Debug|Any CPU.Build.0 = Debug|Any CPU
		{572DA8E2-F147-493E-88F8-5FB0F04D2C29}.Release|Any CPU.ActiveCfg = Release|Any CPU
		{572DA8E2-F147-493E-88F8-5FB0F04D2C29}.Release|Any CPU.Build.0 = Release|Any CPU
	EndGlobalSection
	GlobalSection(SolutionProperties) = preSolution
		HideSolutionNode = FALSE
	EndGlobalSection
	GlobalSection(ExtensibilityGlobals) = postSolution
		SolutionGuid = {8A44C35B-CBB7-444C-AD3A-290EC09CAC54}
	EndGlobalSection
EndGlobal
